
Microsoft Visual Studio Solution File, Format Version 12.00
Project("{2150E333-8FDC-42A3-9474-1A3956D46DE8}") = "1.App", "1.App", "{37FFA2C7-237F-464A-A698-1CBF1524F114}"
EndProject
Project("{2150E333-8FDC-42A3-9474-1A3956D46DE8}") = "2.Domain", "2.Domain", "{CEB2D63E-2434-4815-B766-EF5D5394D211}"
EndProject
Project("{2150E333-8FDC-42A3-9474-1A3956D46DE8}") = "3.DataAccess", "3.DataAccess", "{932DB8FC-DB9D-4F6E-B9D9-885E8499C002}"
EndProject
Project("{FAE04EC0-301F-11D3-BF4B-00C04F79EFBC}") = "Main", "1.App\Main\Main.csproj", "{9B5C0F15-63D2-4A00-8AC6-DFDEA4CBBB78}"
EndProject
Project("{FAE04EC0-301F-11D3-BF4B-00C04F79EFBC}") = "Models", "2.Domain\Models\Models.csproj", "{24FA4A84-E094-454B-8FB2-6D4F1F1AB82F}"
EndProject
Project("{FAE04EC0-301F-11D3-BF4B-00C04F79EFBC}") = "Entities", "3.DataAccess\Entities\Entities.csproj", "{408D7B6F-1851-452A-8F96-778624C87E7C}"
EndProject
Project("{FAE04EC0-301F-11D3-BF4B-00C04F79EFBC}") = "DbContext", "3.DataAccess\DbContext\DbContext.csproj", "{9C9724D7-4BBB-46D0-9D46-9AC5F74DABB0}"
EndProject
Project("{2150E333-8FDC-42A3-9474-1A3956D46DE8}") = "4.Infrastructure", "4.Infrastructure", "{22021188-3C9E-44E0-A06C-66409B108AE4}"
EndProject
Project("{FAE04EC0-301F-11D3-BF4B-00C04F79EFBC}") = "BaseExtensions", "4.Infrastructure\BaseExtensions\BaseExtensions.csproj", "{BCD9A4A9-BBE1-48A0-AD91-0ADA9CF513EC}"
EndProject
Project("{FAE04EC0-301F-11D3-BF4B-00C04F79EFBC}") = "Phrases", "4.Infrastructure\Phrases\Phrases.csproj", "{637ED4D4-8879-471F-A7FF-BDC1A0C8B280}"
EndProject
Project("{2150E333-8FDC-42A3-9474-1A3956D46DE8}") = "Infrastructure", "Infrastructure", "{7D3445C6-D670-49FC-BFC9-91BF5196DF7A}"
EndProject
Project("{FAE04EC0-301F-11D3-BF4B-00C04F79EFBC}") = "BaseComponents", "4.Infrastructure\BaseComponents\BaseComponents.csproj", "{40516F44-61AB-44D0-86D3-4430CEE743B9}"
EndProject
Project("{FAE04EC0-301F-11D3-BF4B-00C04F79EFBC}") = "DbConfigureManagement", "3.DataAccess\DbConfigureManagement\DbConfigureManagement.csproj", "{02132362-0A43-43D7-AC90-004A9E9294C0}"
EndProject
Project("{2150E333-8FDC-42A3-9474-1A3956D46DE8}") = "0.Tests", "0.Tests", "{E0341670-52A2-4B8F-A2F2-8DF61CF0F9DE}"
EndProject
Project("{FAE04EC0-301F-11D3-BF4B-00C04F79EFBC}") = "DataAccess.Tests", "0.Tests\DataAccess.Tests\DataAccess.Tests.csproj", "{3F19EF91-D403-4591-B96E-D6706C7A581C}"
EndProject
Project("{2150E333-8FDC-42A3-9474-1A3956D46DE8}") = "AppComponents", "AppComponents", "{52EDF73E-4846-44DB-80A7-41CEB898FBD6}"
EndProject
Project("{FAE04EC0-301F-11D3-BF4B-00C04F79EFBC}") = "AppExceptions", "4.Infrastructure\AppComponents\AppExceptions\AppExceptions.csproj", "{845FB973-1681-4C12-94CB-89A29283BA2D}"
EndProject
Project("{FAE04EC0-301F-11D3-BF4B-00C04F79EFBC}") = "AppInitializer", "1.App\AppInitializer\AppInitializer.csproj", "{6B4AC6D0-6824-4205-B77A-57CD9295B614}"
EndProject
Project("{FAE04EC0-301F-11D3-BF4B-00C04F79EFBC}") = "App.Tests", "0.Tests\App.Tests\App.Tests.csproj", "{3950C89C-2067-4C12-B89D-586FD5794554}"
EndProject
Project("{2150E333-8FDC-42A3-9474-1A3956D46DE8}") = "AspModule", "AspModule", "{B5C5FA0D-9C89-4D50-B702-39CE296AB517}"
EndProject
Project("{FAE04EC0-301F-11D3-BF4B-00C04F79EFBC}") = "Extensions", "4.Infrastructure\AspModule\Extensions\Extensions.csproj", "{5EFADE86-F214-46F5-B956-4BF71FED923C}"
EndProject
Project("{FAE04EC0-301F-11D3-BF4B-00C04F79EFBC}") = "SwaggerComponents", "4.Infrastructure\AppComponents\SwaggerComponents\SwaggerComponents.csproj", "{B24123D4-B04B-4CF9-9633-84435F712E5A}"
EndProject
Global
	GlobalSection(SolutionConfigurationPlatforms) = preSolution
		Debug|Any CPU = Debug|Any CPU
		Release|Any CPU = Release|Any CPU
	EndGlobalSection
	GlobalSection(ProjectConfigurationPlatforms) = postSolution
		{9B5C0F15-63D2-4A00-8AC6-DFDEA4CBBB78}.Debug|Any CPU.ActiveCfg = Debug|Any CPU
		{9B5C0F15-63D2-4A00-8AC6-DFDEA4CBBB78}.Debug|Any CPU.Build.0 = Debug|Any CPU
		{9B5C0F15-63D2-4A00-8AC6-DFDEA4CBBB78}.Release|Any CPU.ActiveCfg = Release|Any CPU
		{9B5C0F15-63D2-4A00-8AC6-DFDEA4CBBB78}.Release|Any CPU.Build.0 = Release|Any CPU
		{24FA4A84-E094-454B-8FB2-6D4F1F1AB82F}.Debug|Any CPU.ActiveCfg = Debug|Any CPU
		{24FA4A84-E094-454B-8FB2-6D4F1F1AB82F}.Debug|Any CPU.Build.0 = Debug|Any CPU
		{24FA4A84-E094-454B-8FB2-6D4F1F1AB82F}.Release|Any CPU.ActiveCfg = Release|Any CPU
		{24FA4A84-E094-454B-8FB2-6D4F1F1AB82F}.Release|Any CPU.Build.0 = Release|Any CPU
		{408D7B6F-1851-452A-8F96-778624C87E7C}.Debug|Any CPU.ActiveCfg = Debug|Any CPU
		{408D7B6F-1851-452A-8F96-778624C87E7C}.Debug|Any CPU.Build.0 = Debug|Any CPU
		{408D7B6F-1851-452A-8F96-778624C87E7C}.Release|Any CPU.ActiveCfg = Release|Any CPU
		{408D7B6F-1851-452A-8F96-778624C87E7C}.Release|Any CPU.Build.0 = Release|Any CPU
		{9C9724D7-4BBB-46D0-9D46-9AC5F74DABB0}.Debug|Any CPU.ActiveCfg = Debug|Any CPU
		{9C9724D7-4BBB-46D0-9D46-9AC5F74DABB0}.Debug|Any CPU.Build.0 = Debug|Any CPU
		{9C9724D7-4BBB-46D0-9D46-9AC5F74DABB0}.Release|Any CPU.ActiveCfg = Release|Any CPU
		{9C9724D7-4BBB-46D0-9D46-9AC5F74DABB0}.Release|Any CPU.Build.0 = Release|Any CPU
		{BCD9A4A9-BBE1-48A0-AD91-0ADA9CF513EC}.Debug|Any CPU.ActiveCfg = Debug|Any CPU
		{BCD9A4A9-BBE1-48A0-AD91-0ADA9CF513EC}.Debug|Any CPU.Build.0 = Debug|Any CPU
		{BCD9A4A9-BBE1-48A0-AD91-0ADA9CF513EC}.Release|Any CPU.ActiveCfg = Release|Any CPU
		{BCD9A4A9-BBE1-48A0-AD91-0ADA9CF513EC}.Release|Any CPU.Build.0 = Release|Any CPU
		{637ED4D4-8879-471F-A7FF-BDC1A0C8B280}.Debug|Any CPU.ActiveCfg = Debug|Any CPU
		{637ED4D4-8879-471F-A7FF-BDC1A0C8B280}.Debug|Any CPU.Build.0 = Debug|Any CPU
		{637ED4D4-8879-471F-A7FF-BDC1A0C8B280}.Release|Any CPU.ActiveCfg = Release|Any CPU
		{637ED4D4-8879-471F-A7FF-BDC1A0C8B280}.Release|Any CPU.Build.0 = Release|Any CPU
		{40516F44-61AB-44D0-86D3-4430CEE743B9}.Debug|Any CPU.ActiveCfg = Debug|Any CPU
		{40516F44-61AB-44D0-86D3-4430CEE743B9}.Debug|Any CPU.Build.0 = Debug|Any CPU
		{40516F44-61AB-44D0-86D3-4430CEE743B9}.Release|Any CPU.ActiveCfg = Release|Any CPU
		{40516F44-61AB-44D0-86D3-4430CEE743B9}.Release|Any CPU.Build.0 = Release|Any CPU
		{02132362-0A43-43D7-AC90-004A9E9294C0}.Debug|Any CPU.ActiveCfg = Debug|Any CPU
		{02132362-0A43-43D7-AC90-004A9E9294C0}.Debug|Any CPU.Build.0 = Debug|Any CPU
		{02132362-0A43-43D7-AC90-004A9E9294C0}.Release|Any CPU.ActiveCfg = Release|Any CPU
		{02132362-0A43-43D7-AC90-004A9E9294C0}.Release|Any CPU.Build.0 = Release|Any CPU
		{3F19EF91-D403-4591-B96E-D6706C7A581C}.Debug|Any CPU.ActiveCfg = Debug|Any CPU
		{3F19EF91-D403-4591-B96E-D6706C7A581C}.Debug|Any CPU.Build.0 = Debug|Any CPU
		{3F19EF91-D403-4591-B96E-D6706C7A581C}.Release|Any CPU.ActiveCfg = Release|Any CPU
		{3F19EF91-D403-4591-B96E-D6706C7A581C}.Release|Any CPU.Build.0 = Release|Any CPU
		{845FB973-1681-4C12-94CB-89A29283BA2D}.Debug|Any CPU.ActiveCfg = Debug|Any CPU
		{845FB973-1681-4C12-94CB-89A29283BA2D}.Debug|Any CPU.Build.0 = Debug|Any CPU
		{845FB973-1681-4C12-94CB-89A29283BA2D}.Release|Any CPU.ActiveCfg = Release|Any CPU
		{845FB973-1681-4C12-94CB-89A29283BA2D}.Release|Any CPU.Build.0 = Release|Any CPU
		{6B4AC6D0-6824-4205-B77A-57CD9295B614}.Debug|Any CPU.ActiveCfg = Debug|Any CPU
		{6B4AC6D0-6824-4205-B77A-57CD9295B614}.Debug|Any CPU.Build.0 = Debug|Any CPU
		{6B4AC6D0-6824-4205-B77A-57CD9295B614}.Release|Any CPU.ActiveCfg = Release|Any CPU
		{6B4AC6D0-6824-4205-B77A-57CD9295B614}.Release|Any CPU.Build.0 = Release|Any CPU
		{3950C89C-2067-4C12-B89D-586FD5794554}.Debug|Any CPU.ActiveCfg = Debug|Any CPU
		{3950C89C-2067-4C12-B89D-586FD5794554}.Debug|Any CPU.Build.0 = Debug|Any CPU
		{3950C89C-2067-4C12-B89D-586FD5794554}.Release|Any CPU.ActiveCfg = Release|Any CPU
		{3950C89C-2067-4C12-B89D-586FD5794554}.Release|Any CPU.Build.0 = Release|Any CPU
		{5EFADE86-F214-46F5-B956-4BF71FED923C}.Debug|Any CPU.ActiveCfg = Debug|Any CPU
		{5EFADE86-F214-46F5-B956-4BF71FED923C}.Debug|Any CPU.Build.0 = Debug|Any CPU
		{5EFADE86-F214-46F5-B956-4BF71FED923C}.Release|Any CPU.ActiveCfg = Release|Any CPU
		{5EFADE86-F214-46F5-B956-4BF71FED923C}.Release|Any CPU.Build.0 = Release|Any CPU
		{B24123D4-B04B-4CF9-9633-84435F712E5A}.Debug|Any CPU.ActiveCfg = Debug|Any CPU
		{B24123D4-B04B-4CF9-9633-84435F712E5A}.Debug|Any CPU.Build.0 = Debug|Any CPU
		{B24123D4-B04B-4CF9-9633-84435F712E5A}.Release|Any CPU.ActiveCfg = Release|Any CPU
		{B24123D4-B04B-4CF9-9633-84435F712E5A}.Release|Any CPU.Build.0 = Release|Any CPU
	EndGlobalSection
	GlobalSection(NestedProjects) = preSolution
		{9B5C0F15-63D2-4A00-8AC6-DFDEA4CBBB78} = {37FFA2C7-237F-464A-A698-1CBF1524F114}
		{24FA4A84-E094-454B-8FB2-6D4F1F1AB82F} = {CEB2D63E-2434-4815-B766-EF5D5394D211}
		{408D7B6F-1851-452A-8F96-778624C87E7C} = {932DB8FC-DB9D-4F6E-B9D9-885E8499C002}
		{9C9724D7-4BBB-46D0-9D46-9AC5F74DABB0} = {932DB8FC-DB9D-4F6E-B9D9-885E8499C002}
		{BCD9A4A9-BBE1-48A0-AD91-0ADA9CF513EC} = {22021188-3C9E-44E0-A06C-66409B108AE4}
		{637ED4D4-8879-471F-A7FF-BDC1A0C8B280} = {22021188-3C9E-44E0-A06C-66409B108AE4}
		{7D3445C6-D670-49FC-BFC9-91BF5196DF7A} = {37FFA2C7-237F-464A-A698-1CBF1524F114}
		{40516F44-61AB-44D0-86D3-4430CEE743B9} = {22021188-3C9E-44E0-A06C-66409B108AE4}
		{02132362-0A43-43D7-AC90-004A9E9294C0} = {932DB8FC-DB9D-4F6E-B9D9-885E8499C002}
		{3F19EF91-D403-4591-B96E-D6706C7A581C} = {E0341670-52A2-4B8F-A2F2-8DF61CF0F9DE}
		{52EDF73E-4846-44DB-80A7-41CEB898FBD6} = {22021188-3C9E-44E0-A06C-66409B108AE4}
		{845FB973-1681-4C12-94CB-89A29283BA2D} = {52EDF73E-4846-44DB-80A7-41CEB898FBD6}
		{6B4AC6D0-6824-4205-B77A-57CD9295B614} = {37FFA2C7-237F-464A-A698-1CBF1524F114}
		{3950C89C-2067-4C12-B89D-586FD5794554} = {E0341670-52A2-4B8F-A2F2-8DF61CF0F9DE}
		{B5C5FA0D-9C89-4D50-B702-39CE296AB517} = {22021188-3C9E-44E0-A06C-66409B108AE4}
		{5EFADE86-F214-46F5-B956-4BF71FED923C} = {B5C5FA0D-9C89-4D50-B702-39CE296AB517}
		{B24123D4-B04B-4CF9-9633-84435F712E5A} = {52EDF73E-4846-44DB-80A7-41CEB898FBD6}
	EndGlobalSection
EndGlobal
